lockfileVersion: '9.0'

settings:
  autoInstallPeers: true
  excludeLinksFromLockfile: false

importers:

  .: {}

  daemon: {}

  packages/client:
    devDependencies:
      '@types/node':
        specifier: ^22.19.1
        version: 22.19.1
      typescript:
        specifier: ^5.7.0
        version: 5.9.3
    optionalDependencies:
      '@fs-hasher/darwin-arm64':
        specifier: workspace:*
        version: link:../darwin-arm64
      '@fs-hasher/darwin-x64':
        specifier: workspace:*
        version: link:../darwin-x64
      '@fs-hasher/linux-arm-gnueabihf':
        specifier: workspace:*
        version: link:../linux-arm-gnueabihf
      '@fs-hasher/linux-arm64-gnu':
        specifier: workspace:*
        version: link:../linux-arm64-gnu
      '@fs-hasher/linux-arm64-musl':
        specifier: workspace:*
        version: link:../linux-arm64-musl
      '@fs-hasher/linux-x64-gnu':
        specifier: workspace:*
        version: link:../linux-x64-gnu
      '@fs-hasher/linux-x64-musl':
        specifier: workspace:*
        version: link:../linux-x64-musl
      '@fs-hasher/win32-arm64-msvc':
        specifier: workspace:*
        version: link:../win32-arm64-msvc
      '@fs-hasher/win32-ia32-msvc':
        specifier: workspace:*
        version: link:../win32-ia32-msvc
      '@fs-hasher/win32-x64-msvc':
        specifier: workspace:*
        version: link:../win32-x64-msvc

  packages/darwin-arm64: {}

  packages/darwin-x64: {}

  packages/linux-arm-gnueabihf: {}

  packages/linux-arm64-gnu: {}

  packages/linux-arm64-musl: {}

  packages/linux-x64-gnu: {}

  packages/linux-x64-musl: {}

  packages/win32-arm64-msvc: {}

  packages/win32-ia32-msvc: {}

  packages/win32-x64-msvc: {}

packages:

  '@types/node@22.19.1':
    resolution: {integrity: sha512-LCCV0HdSZZZb34qifBsyWlUmok6W7ouER+oQIGBScS8EsZsQbrtFTUrDX4hOl+CS6p7cnNC4td+qrSVGSCTUfQ==}

  typescript@5.9.3:
    resolution: {integrity: sha512-jl1vZzPDinLr9eUt3J/t7V6FgNEw9QjvBPdysz9KfQDD41fQrC2Y4vKQdiaUpFT4bXlb1RHhLpp8wtm6M5TgSw==}
    engines: {node: '>=14.17'}
    hasBin: true

  undici-types@6.21.0:
    resolution: {integrity: sha512-iwDZqg0QAGrg9Rav5H4n0M64c3mkR59cJ6wQp+7C4nI0gsmExaedaYLNO44eT4AtBBwjbTiGPMlt2Md0T9H9JQ==}

snapshots:

  '@types/node@22.19.1':
    dependencies:
      undici-types: 6.21.0

  typescript@5.9.3: {}

  undici-types@6.21.0: {}
